# This file is autogenerated, do not edit; changes may be undone by the next 'dep ensure'.


[[projects]]
  digest = "1:ee1da6524260ed66de5eacdf4def98a365576be6c6972faa8ef438bef324843d"
  name = "github.com/Sirupsen/logrus"
  packages = ["."]
  pruneopts = "UT"
  revision = "202f25545ea4cf9b191ff7f846df5d87c9382c2b"
  version = "v1.0.0"

[[projects]]
  digest = "1:69bf2b0a440fac7bc5ec430b1afaea27a92dab6f591fe18c026bb1791a4e5713"
  name = "github.com/andygrunwald/go-jira"
  packages = ["."]
  pruneopts = "UT"
  revision = "aaa2d02b3ad37877e523eab9978638b107bdc821"

[[projects]]
  digest = "1:dd1a3f5a0d4ec27669062b10013515233c4fef35b876f339d838495d0c8d6b67"
  name = "github.com/cenkalti/backoff"
  packages = ["."]
  pruneopts = "UT"
  revision = "32cd0c5b3aef12c76ed64aaf678f6c79736be7dc"
  version = "v1.0.0"

[[projects]]
  branch = "master"
  digest = "1:f2ceb37cd998845bbcf016aa4e9a5eac23231e382edbbd61e4d6bd082a274641"
  name = "github.com/coreos/issue-sync"
  packages = [
    "cfg",
    "cmd",
    "lib",
    "lib/clients",
  ]
  pruneopts = "UT"
  revision = "da2a3248854d3ad86f473fabdfcdc7083db6386a"

[[projects]]
  digest = "1:144f5984ed1f07aa8fa2468844f856b1ac8e93ac94e1fd19fbf69ce034d9ef92"
  name = "github.com/dghubble/oauth1"
  packages = ["."]
  pruneopts = "UT"
  revision = "70562a5920ad9b6ff03ef697c0f90ae569abbd2b"
  version = "v0.4.0"

[[projects]]
  digest = "1:c7a2f7f84569a6da43ce84f78486b8d29b16f00d212947495e6a6da53ccb7e2c"
  name = "github.com/fatih/structs"
  packages = ["."]
  pruneopts = "UT"
  revision = "7e5a8eef611ee84dd359503f3969f80df4c50723"

[[projects]]
  digest = "1:38c783cf85b9454cc02a1a8319239800ed0af6c1c864adf19cea0539e134adad"
  name = "github.com/fsnotify/fsnotify"
  packages = ["."]
  pruneopts = "UT"
  revision = "4da3e2cfbabc9f751898f250b49f2439785783a1"

[[projects]]
  digest = "1:9b0e71863f18fc5de645a263184c8a6409ae731e847b35b25da4be818f1975fa"
  name = "github.com/golang/protobuf"
  packages = ["proto"]
  pruneopts = "UT"
  revision = "0a4f71a498b7c4812f64969510bcb4eca251e33a"

[[projects]]
  digest = "1:b5b0352971d9ad77973edb620f05d6e583a38ae199ee892808d8792e0f2c306e"
  name = "github.com/google/go-github"
  packages = ["github"]
  pruneopts = "UT"
  revision = "00874eae3fbfc6750bfff364b1897101684d2f30"

[[projects]]
  digest = "1:a63cff6b5d8b95638bfe300385d93b2a6d9d687734b863da8e09dc834510a690"
  name = "github.com/google/go-querystring"
  packages = ["query"]
  pruneopts = "UT"
  revision = "53e6ce116135b80d037921a7fdd5138cf32d7a8a"

[[projects]]
  digest = "1:b5090146529377f77830ae60f254e37bbf9bb89aac519829405c1ac010d1ec97"
  name = "github.com/hashicorp/hcl"
  packages = [
    ".",
    "hcl/ast",
    "hcl/parser",
    "hcl/scanner",
    "hcl/strconv",
    "hcl/token",
    "json/parser",
    "json/scanner",
    "json/token",
  ]
  pruneopts = "UT"
  revision = "392dba7d905ed5d04a5794ba89f558b27e2ba1ca"

[[projects]]
  digest = "1:870d441fe217b8e689d7949fef6e43efbc787e50f200cb1e70dbca9204a1d6be"
  name = "github.com/inconshreveable/mousetrap"
  packages = ["."]
  pruneopts = "UT"
  revision = "76626ae9c91c4f2a10f34cad8ce83ea42c93bb75"
  version = "v1.0"

[[projects]]
  digest = "1:38c6c0068711ac95a80ba4d5d8cf86b5b066cc6d74ddd1e007d4d3eb45751894"
  name = "github.com/magiconair/properties"
  packages = ["."]
  pruneopts = "UT"
  revision = "be5ece7dd465ab0765a9682137865547526d1dfb"
  version = "v1.7.3"

[[projects]]
  digest = "1:3d64942cc75c655215a64496e35a2ca1a30ee0007cd24f41b57631486f3d083c"
  name = "github.com/mitchellh/mapstructure"
  packages = ["."]
  pruneopts = "UT"
  revision = "d0303fe809921458f417bcf828397a65db30a7e4"

[[projects]]
  digest = "1:de0ddb0011faf826abe3009bdc202c7459100a3c87a0fb2d26145a1852356611"
  name = "github.com/pelletier/go-toml"
  packages = ["."]
  pruneopts = "UT"
  revision = "69d355db5304c0f7f809a2edc054553e7142f016"

[[projects]]
  digest = "1:612c049404353b151a3d9fd779b72a0905df1f799056c29202ad84d4fcb1b748"
  name = "github.com/spf13/afero"
  packages = [
    ".",
    "mem",
  ]
  pruneopts = "UT"
  revision = "9be650865eab0c12963d8753212f4f9c66cdcf12"

[[projects]]
  digest = "1:9b28ee2984c69d78afe2ce52b1650ba91a6381f355ff08c1d0e53d9e66bd62fe"
  name = "github.com/spf13/cast"
  packages = ["."]
  pruneopts = "UT"
  revision = "acbeb36b902d72a7a4c18e8f3241075e7ab763e4"
  version = "v1.1.0"

[[projects]]
  digest = "1:2930858b25f119b559b661959616dd7b04d312dd4242ab27e3ddb41c190b0dbb"
  name = "github.com/spf13/cobra"
  packages = ["."]
  pruneopts = "UT"
  revision = "d994347edadc56d6a7f863775fb6887606685ae6"

[[projects]]
  digest = "1:607ae0f96290fce9070c56c791ac0ad0ac73229aba148aced7bf08d9e273fff5"
  name = "github.com/spf13/jwalterweatherman"
  packages = ["."]
  pruneopts = "UT"
  revision = "0efa5202c04663c757d84f90f5219c1250baf94f"

[[projects]]
  digest = "1:1b21a2b4058a779f290c7341cd93267492e0ecea6c8b54f64a4a5fd7ff131034"
  name = "github.com/spf13/pflag"
  packages = ["."]
  pruneopts = "UT"
  revision = "e57e3eeb33f795204c1ca35f56c44f83227c6e66"
  version = "v1.0.0"

[[projects]]
  digest = "1:49565d32999da090739498f494bbb8202ff5a11067d9eb2b1d618bc02303e698"
  name = "github.com/spf13/viper"
  packages = ["."]
  pruneopts = "UT"
  revision = "c1de95864d73a5465492829d7cb2dd422b19ac96"

[[projects]]
  digest = "1:7cc659564e46f382e00acf127efb9f88d47c8e2eb5561d6686bf0595ecec5e5f"
  name = "github.com/trivago/tgo"
  packages = [
    "tcontainer",
    "treflect",
  ]
  pruneopts = "UT"
  revision = "8a6fc6a04f07d8623086322a7b8d805ddf7263eb"

[[projects]]
  digest = "1:94fcc699aafcb4f8af1e58129495cd013b0982c7a99e0925df62ddac6356afbd"
  name = "golang.org/x/crypto"
  packages = ["ssh/terminal"]
  pruneopts = "UT"
  revision = "b176d7def5d71bdd214203491f89843ed217f420"

[[projects]]
  digest = "1:cb2c7a3956a0b04d0ddca74cc7a008b467db63d3b6cbdc678111e9ea1416fc95"
  name = "golang.org/x/net"
  packages = [
    "context",
    "context/ctxhttp",
  ]
  pruneopts = "UT"
  revision = "b3756b4b77d7b13260a0a2ec658753cf48922eac"

[[projects]]
  digest = "1:e183c95ba276376de913d6369a92c97ebeb2f44cda6c2131c3d1521670a2060f"
  name = "golang.org/x/oauth2"
  packages = [
    ".",
    "internal",
  ]
  pruneopts = "UT"
  revision = "cce311a261e6fcf29de72ca96827bdb0b7d9c9e6"

[[projects]]
  digest = "1:beeda29797a3a8394b77bc360b7fee0c2c97256a8064d5649dfae99843be79f6"
  name = "golang.org/x/sys"
  packages = [
    "unix",
    "windows",
  ]
  pruneopts = "UT"
  revision = "4cd6d1a821c7175768725b55ca82f14683a29ea4"

[[projects]]
  digest = "1:5ba57432643e349dcc6df13bb875ffc42814fa5f02464c8a5e948e754ba88610"
  name = "golang.org/x/text"
  packages = [
    "internal/gen",
    "internal/triegen",
    "internal/ucd",
    "transform",
    "unicode/cldr",
    "unicode/norm",
  ]
  pruneopts = "UT"
  revision = "836efe42bb4aa16aaa17b9c155d8813d336ed720"

[[projects]]
  digest = "1:9302525067ef28e9ce54a6e72d12643b1b2fcd6dfecc4d66de8629b57fe4ed80"
  name = "google.golang.org/appengine"
  packages = [
    ".",
    "internal",
    "internal/app_identity",
    "internal/base",
    "internal/datastore",
    "internal/log",
    "internal/modules",
    "internal/remote_api",
    "internal/urlfetch",
    "urlfetch",
  ]
  pruneopts = "UT"
  revision = "ad2570cd3913654e00c5f0183b39d2f998e54046"

[[projects]]
  digest = "1:d66308679f88f2a8778433fc06245f5812b4f98cbfa3a17375c3968815255321"
  name = "gopkg.in/yaml.v2"
  packages = ["."]
  pruneopts = "UT"
  revision = "3b4ad1db5b2a649883ff3782f5f9f6fb52be71af"

[solve-meta]
  analyzer-name = "dep"
  analyzer-version = 1
  input-imports = [
    "github.com/Sirupsen/logrus",
    "github.com/andygrunwald/go-jira",
    "github.com/cenkalti/backoff",
    "github.com/coreos/issue-sync/cfg",
    "github.com/coreos/issue-sync/cmd",
    "github.com/coreos/issue-sync/lib",
    "github.com/coreos/issue-sync/lib/clients",
    "github.com/dghubble/oauth1",
    "github.com/fsnotify/fsnotify",
    "github.com/google/go-github/github",
    "github.com/spf13/cobra",
    "github.com/spf13/viper",
    "golang.org/x/crypto/ssh/terminal",
    "golang.org/x/oauth2",
  ]
  solver-name = "gps-cdcl"
  solver-version = 1
